lockfileVersion: '9.0'

settings:
  autoInstallPeers: true
  excludeLinksFromLockfile: false

importers:

  .:
    dependencies:
      motion:
        specifier: ^12.4.11
        version: 12.4.11

packages:

  framer-motion@12.4.11:
    resolution: {integrity: sha512-MHeZlgzo9DnQ6+TFgRqJiOk4vWwsDcXFtxeXlVawVs1nwgcZW3966foGIgkIiIrBSPHB9RlbqspAxiYWosFT9g==}
    peerDependencies:
      '@emotion/is-prop-valid': '*'
      react: ^18.0.0 || ^19.0.0
      react-dom: ^18.0.0 || ^19.0.0
    peerDependenciesMeta:
      '@emotion/is-prop-valid':
        optional: true
      react:
        optional: true
      react-dom:
        optional: true

  motion-dom@12.4.11:
    resolution: {integrity: sha512-wstlyV3pktgFjqsjbXMo1NX9hQD9XTVqxQNvfc+FREAgxr3GVzgWIEKvbyyNlki3J1jmmh+et9X3aCKeqFPcxA==}

  motion-utils@12.4.10:
    resolution: {integrity: sha512-NPwZd94V013SwRf++jMrk2+HEBgPkeIE2RiOzhAuuQlqxMJPkKt/LXVh6Upl+iN8oarSGD2dlY5/bqgsYXDABA==}

  motion@12.4.11:
    resolution: {integrity: sha512-dC2XjT/KdhWyHFxgEJSxzctH7yDUL1Fz8VI7c59vLuvo3mKWIUyldms89+9cddoKUHf+p61tYEvDKTvypOydpg==}
    peerDependencies:
      '@emotion/is-prop-valid': '*'
      react: ^18.0.0 || ^19.0.0
      react-dom: ^18.0.0 || ^19.0.0
    peerDependenciesMeta:
      '@emotion/is-prop-valid':
        optional: true
      react:
        optional: true
      react-dom:
        optional: true

  tslib@2.8.1:
    resolution: {integrity: sha512-oJFu94HQb+KVduSUQL7wnpmqnfmLsOA/nAh6b6EH0wCEoK0/mPeXU6c3wKDV83MkOuHPRHtSXKKU99IBazS/2w==}

snapshots:

  framer-motion@12.4.11:
    dependencies:
      motion-dom: 12.4.11
      motion-utils: 12.4.10
      tslib: 2.8.1

  motion-dom@12.4.11:
    dependencies:
      motion-utils: 12.4.10

  motion-utils@12.4.10: {}

  motion@12.4.11:
    dependencies:
      framer-motion: 12.4.11
      tslib: 2.8.1

  tslib@2.8.1: {}
